
Microsoft Visual Studio Solution File, Format Version 12.00
# Visual Studio 2013
VisualStudioVersion = 12.0.30219.0
MinimumVisualStudioVersion = 10.0.40219.1
Project("{FAE04EC0-301F-11D3-BF4B-00C04F79EFBC}") = "ExpressiveAnnotations", "ExpressiveAnnotations\ExpressiveAnnotations.csproj", "{70DD327B-F37C-4291-9388-212AA541E970}"
EndProject
Project("{FAE04EC0-301F-11D3-BF4B-00C04F79EFBC}") = "ExpressiveAnnotations.Tests", "ExpressiveAnnotations.Tests\ExpressiveAnnotations.Tests.csproj", "{2DE111D5-E3A5-4FC8-8261-AA2DA743A3AD}"
EndProject
Project("{FAE04EC0-301F-11D3-BF4B-00C04F79EFBC}") = "ExpressiveAnnotations.MvcWebSample", "ExpressiveAnnotations.MvcWebSample\ExpressiveAnnotations.MvcWebSample.csproj", "{78E4B95D-B0C3-486E-8847-CA444EF5BB95}"
EndProject
Project("{FAE04EC0-301F-11D3-BF4B-00C04F79EFBC}") = "ExpressiveAnnotations.MvcUnobtrusiveValidatorProvider", "ExpressiveAnnotations.MvcUnobtrusiveValidatorProvider\ExpressiveAnnotations.MvcUnobtrusiveValidatorProvider.csproj", "{1926A95D-19EE-451B-9DA4-C3EAF555B15D}"
EndProject
Project("{2150E333-8FDC-42A3-9474-1A3956D46DE8}") = "ExpressiveAnnotations.Scripts", "ExpressiveAnnotations.Scripts", "{56496E2F-18D3-4633-90A5-082C83132B83}"
	ProjectSection(SolutionItems) = preProject
		expressive.annotations.analysis.js = expressive.annotations.analysis.js
		expressive.annotations.validate.js = expressive.annotations.validate.js
	EndProjectSection
EndProject
Project("{2150E333-8FDC-42A3-9474-1A3956D46DE8}") = "ExpressiveAnnotations.Scripts.Tests", "ExpressiveAnnotations.Scripts.Tests", "{E294CF4D-9878-42D0-A825-2F54FA52B77E}"
	ProjectSection(SolutionItems) = preProject
		expressive.annotations.analysis.test.js = expressive.annotations.analysis.test.js
	EndProjectSection
EndProject
Global
	GlobalSection(SolutionConfigurationPlatforms) = preSolution
		Debug|Any CPU = Debug|Any CPU
		Release|Any CPU = Release|Any CPU
	EndGlobalSection
	GlobalSection(ProjectConfigurationPlatforms) = postSolution
		{70DD327B-F37C-4291-9388-212AA541E970}.Debug|Any CPU.ActiveCfg = Debug|Any CPU
		{70DD327B-F37C-4291-9388-212AA541E970}.Debug|Any CPU.Build.0 = Debug|Any CPU
		{70DD327B-F37C-4291-9388-212AA541E970}.Release|Any CPU.ActiveCfg = Release|Any CPU
		{70DD327B-F37C-4291-9388-212AA541E970}.Release|Any CPU.Build.0 = Release|Any CPU
		{2DE111D5-E3A5-4FC8-8261-AA2DA743A3AD}.Debug|Any CPU.ActiveCfg = Debug|Any CPU
		{2DE111D5-E3A5-4FC8-8261-AA2DA743A3AD}.Debug|Any CPU.Build.0 = Debug|Any CPU
		{2DE111D5-E3A5-4FC8-8261-AA2DA743A3AD}.Release|Any CPU.ActiveCfg = Release|Any CPU
		{2DE111D5-E3A5-4FC8-8261-AA2DA743A3AD}.Release|Any CPU.Build.0 = Release|Any CPU
		{78E4B95D-B0C3-486E-8847-CA444EF5BB95}.Debug|Any CPU.ActiveCfg = Debug|Any CPU
		{78E4B95D-B0C3-486E-8847-CA444EF5BB95}.Debug|Any CPU.Build.0 = Debug|Any CPU
		{78E4B95D-B0C3-486E-8847-CA444EF5BB95}.Release|Any CPU.ActiveCfg = Release|Any CPU
		{78E4B95D-B0C3-486E-8847-CA444EF5BB95}.Release|Any CPU.Build.0 = Release|Any CPU
		{1926A95D-19EE-451B-9DA4-C3EAF555B15D}.Debug|Any CPU.ActiveCfg = Debug|Any CPU
		{1926A95D-19EE-451B-9DA4-C3EAF555B15D}.Debug|Any CPU.Build.0 = Debug|Any CPU
		{1926A95D-19EE-451B-9DA4-C3EAF555B15D}.Release|Any CPU.ActiveCfg = Release|Any CPU
		{1926A95D-19EE-451B-9DA4-C3EAF555B15D}.Release|Any CPU.Build.0 = Release|Any CPU
	EndGlobalSection
	GlobalSection(SolutionProperties) = preSolution
		HideSolutionNode = FALSE
	EndGlobalSection
EndGlobal
